// !$*UTF8*$!
{
	archiveVersion = 1;
	classes = {
	};
	objectVersion = 46;
	objects = {

/* Begin PBXBuildFile section */
		760D8D8F158B33F700BCCFB1 /* UIKit.framework in Frameworks */ = {isa = PBXBuildFile; fileRef = 760D8D8E158B33F700BCCFB1 /* UIKit.framework */; };
		760D8D91158B33F700BCCFB1 /* Foundation.framework in Frameworks */ = {isa = PBXBuildFile; fileRef = 760D8D90158B33F700BCCFB1 /* Foundation.framework */; };
		760D8D93158B33F700BCCFB1 /* CoreGraphics.framework in Frameworks */ = {isa = PBXBuildFile; fileRef = 760D8D92158B33F700BCCFB1 /* CoreGraphics.framework */; };
		760D8D99158B33F700BCCFB1 /* InfoPlist.strings in Resources */ = {isa = PBXBuildFile; fileRef = 760D8D97158B33F700BCCFB1 /* InfoPlist.strings */; };
		760D8D9B158B33F700BCCFB1 /* main.m in Sources */ = {isa = PBXBuildFile; fileRef = 760D8D9A158B33F700BCCFB1 /* main.m */; };
		760D8D9F158B33F700BCCFB1 /* AppDelegate.m in Sources */ = {isa = PBXBuildFile; fileRef = 760D8D9E158B33F700BCCFB1 /* AppDelegate.m */; };
/* End PBXBuildFile section */

/* Begin PBXFileReference section */
		760D8D8A158B33F700BCCFB1 /* DailyMotto.app */ = {isa = PBXFileReference; explicitFileType = wrapper.application; includeInIndex = 0; path = DailyMotto.app; sourceTree = BUILT_PRODUCTS_DIR; };
		760D8D8E158B33F700BCCFB1 /* UIKit.framework */ = {isa = PBXFileReference; lastKnownFileType = wrapper.framework; name = UIKit.framework; path = System/Library/Frameworks/UIKit.framework; sourceTree = SDKROOT; };
		760D8D90158B33F700BCCFB1 /* Foundation.framework */ = {isa = PBXFileReference; lastKnownFileType = wrapper.framework; name = Foundation.framework; path = System/Library/Frameworks/Foundation.framework; sourceTree = SDKROOT; };
		760D8D92158B33F700BCCFB1 /* CoreGraphics.framework */ = {isa = PBXFileReference; lastKnownFileType = wrapper.framework; name = CoreGraphics.framework; path = System/Library/Frameworks/CoreGraphics.framework; sourceTree = SDKROOT; };
		760D8D96158B33F700BCCFB1 /* DailyMotto-Info.plist */ = {isa = PBXFileReference; path = "DailyMotto-Info.plist"; sourceTree = "<group>"; };
		760D8D98158B33F700BCCFB1 /* en */ = {isa = PBXFileReference; lastKnownFileType = text.plist.strings; name = en; path = en.lproj/InfoPlist.strings; sourceTree = "<group>"; };
		760D8D9A158B33F700BCCFB1 /* main.m */ = {isa = PBXFileReference; lastKnownFileType = sourcecode.c.objc; path = main.m; sourceTree = "<group>"; };
		760D8D9C158B33F700BCCFB1 /* DailyMotto-Prefix.pch */ = {isa = PBXFileReference; path = "DailyMotto-Prefix.pch"; sourceTree = "<group>"; };
		760D8D9D158B33F700BCCFB1 /* AppDelegate.h */ = {isa = PBXFileReference; path = AppDelegate.h; sourceTree = "<group>"; };
		760D8D9E158B33F700BCCFB1 /* AppDelegate.m */ = {isa = PBXFileReference; lastKnownFileType = sourcecode.c.objc; path = AppDelegate.m; sourceTree = "<group>"; };
/* End PBXFileReference section */

/* Begin PBXFrameworksBuildPhase section */
		760D8D87158B33F700BCCFB1 /* Frameworks */ = {
			isa = PBXFrameworksBuildPhase;
			buildActionMask = 2147483647;
			files = (
				760D8D8F158B33F700BCCFB1 /* UIKit.framework in Frameworks */,
				760D8D91158B33F700BCCFB1 /* Foundation.framework in Frameworks */,
				760D8D93158B33F700BCCFB1 /* CoreGraphics.framework in Frameworks */,
			);
			runOnlyForDeploymentPostprocessing = 0;
		};
/* End PBXFrameworksBuildPhase section */

/* Begin PBXGroup section */
		760D8D7F158B33F700BCCFB1 = {
			isa = PBXGroup;
			children = (
				760D8D94158B33F700BCCFB1 /* DailyMotto */,
				760D8D8D158B33F700BCCFB1 /* Frameworks */,
				760D8D8B158B33F700BCCFB1 /* Products */,
			);
			sourceTree = "<group>";
		};
		760D8D8B158B33F700BCCFB1 /* Products */ = {
			isa = PBXGroup;
			children = (
				760D8D8A158B33F700BCCFB1 /* DailyMotto.app */,
			);
			name = Products;
			sourceTree = "<group>";
		};
		760D8D8D158B33F700BCCFB1 /* Frameworks */ = {
			isa = PBXGroup;
			children = (
				760D8D8E158B33F700BCCFB1 /* UIKit.framework */,
				760D8D90158B33F700BCCFB1 /* Foundation.framework */,
				760D8D92158B33F700BCCFB1 /* CoreGraphics.framework */,
			);
			name = Frameworks;
			sourceTree = "<group>";
		};
		760D8D94158B33F700BCCFB1 /* DailyMotto */ = {
			isa = PBXGroup;
			children = (
				760D8D9D158B33F700BCCFB1 /* AppDelegate.h */,
				760D8D9E158B33F700BCCFB1 /* AppDelegate.m */,
				760D8D95158B33F700BCCFB1 /* Supporting Files */,
			);
			path = DailyMotto;
			sourceTree = "<group>";
		};
		760D8D95158B33F700BCCFB1 /* Supporting Files */ = {
			isa = PBXGroup;
			children = (
				760D8D96158B33F700BCCFB1 /* DailyMotto-Info.plist */,
				760D8D97158B33F700BCCFB1 /* InfoPlist.strings */,
				760D8D9A158B33F700BCCFB1 /* main.m */,
				760D8D9C158B33F700BCCFB1 /* DailyMotto-Prefix.pch */,
			);
			name = "Supporting Files";
			sourceTree = "<group>";
		};
/* End PBXGroup section */

/* Begin PBXNativeTarget section */
		760D8D89158B33F700BCCFB1 /* DailyMotto */ = {
			isa = PBXNativeTarget;
			buildConfigurationList = 760D8DA2158B33F700BCCFB1 /* Build configuration list for PBXNativeTarget "DailyMotto" */;
			buildPhases = (
				760D8D86158B33F700BCCFB1 /* Sources */,
				760D8D87158B33F700BCCFB1 /* Frameworks */,
				760D8D88158B33F700BCCFB1 /* Resources */,
			);
			buildRules = (
			);
			dependencies = (
			);
			name = DailyMotto;
			productName = DailyMotto;
			productReference = 760D8D8A158B33F700BCCFB1 /* DailyMotto.app */;
			productType = "com.apple.product-type.application";
		};
/* End PBXNativeTarget section */

/* Begin PBXProject section */
		760D8D81158B33F700BCCFB1 /* Project object */ = {
			isa = PBXProject;
			attributes = {
				LastUpgradeCheck = 0430;
				ORGANIZATIONNAME = galiumsoft;
			};
			buildConfigurationList = 760D8D84158B33F700BCCFB1 /* Build configuration list for PBXProject "DailyMotto" */;
			compatibilityVersion = "Xcode 3.2";
			developmentRegion = English;
			hasScannedForEncodings = 0;
			knownRegions = (
				en,
			);
			mainGroup = 760D8D7F158B33F700BCCFB1;
			productRefGroup = 760D8D8B158B33F700BCCFB1 /* Products */;
			projectDirPath = "";
			projectRoot = "";
			targets = (
				760D8D89158B33F700BCCFB1 /* DailyMotto */,
			);
		};
/* End PBXProject section */

/* Begin PBXResourcesBuildPhase section */
		760D8D88158B33F700BCCFB1 /* Resources */ = {
			isa = PBXResourcesBuildPhase;
			buildActionMask = 2147483647;
			files = (
				760D8D99158B33F700BCCFB1 /* InfoPlist.strings in Resources */,
			);
			runOnlyForDeploymentPostprocessing = 0;
		};
/* End PBXResourcesBuildPhase section */

/* Begin PBXSourcesBuildPhase section */
		760D8D86158B33F700BCCFB1 /* Sources */ = {
			isa = PBXSourcesBuildPhase;
			buildActionMask = 2147483647;
			files = (
				760D8D9B158B33F700BCCFB1 /* main.m in Sources */,
				760D8D9F158B33F700BCCFB1 /* AppDelegate.m in Sources */,
			);
			runOnlyForDeploymentPostprocessing = 0;
		};
/* End PBXSourcesBuildPhase section */

/* Begin PBXVariantGroup section */
		760D8D97158B33F700BCCFB1 /* InfoPlist.strings */ = {
			isa = PBXVariantGroup;
			children = (
				760D8D98158B33F700BCCFB1 /* en */,
			);
			name = InfoPlist.strings;
			sourceTree = "<group>";
		};
/* End PBXVariantGroup section */

/* Begin XCBuildConfiguration section */
		760D8DA0158B33F700BCCFB1 /* Debug */ = {
			isa = XCBuildConfiguration;
			buildSettings = {
				ALWAYS_SEARCH_USER_PATHS = NO;
				ARCHS = "$(ARCHS_STANDARD_32_BIT)";
				"CODE_SIGN_IDENTITY[sdk=iphoneos*]" = "iPhone Developer";
				COPY_PHASE_STRIP = NO;
				GCC_C_LANGUAGE_STANDARD = gnu99;
				GCC_DYNAMIC_NO_PIC = NO;
				GCC_OPTIMIZATION_LEVEL = 0;
				GCC_PREPROCESSOR_DEFINITIONS = (
					"DEBUG=1",
					"$(inherited)",
				);
				GCC_SYMBOLS_PRIVATE_EXTERN = NO;
				GCC_VERSION = com.apple.compilers.llvm.clang.1_0;
				GCC_WARN_ABOUT_RETURN_TYPE = YES;
				GCC_WARN_UNINITIALIZED_AUTOS = YES;
				GCC_WARN_UNUSED_VARIABLE = YES;
				IPHONEOS_DEPLOYMENT_TARGET = 5.1;
				SDKROOT = iphoneos;
			};
			name = Debug;
		};
		760D8DA1158B33F700BCCFB1 /* Release */ = {
			isa = XCBuildConfiguration;
			buildSettings = {
				ALWAYS_SEARCH_USER_PATHS = NO;
				ARCHS = "$(ARCHS_STANDARD_32_BIT)";
				"CODE_SIGN_IDENTITY[sdk=iphoneos*]" = "iPhone Developer";
				COPY_PHASE_STRIP = YES;
				GCC_C_LANGUAGE_STANDARD = gnu99;
				GCC_VERSION = com.apple.compilers.llvm.clang.1_0;
				GCC_WARN_ABOUT_RETURN_TYPE = YES;
				GCC_WARN_UNINITIALIZED_AUTOS = YES;
				GCC_WARN_UNUSED_VARIABLE = YES;
				IPHONEOS_DEPLOYMENT_TARGET = 5.1;
				OTHER_CFLAGS = "-DNS_BLOCK_ASSERTIONS=1";
				SDKROOT = iphoneos;
				VALIDATE_PRODUCT = YES;
			};
			name = Release;
		};
		760D8DA3158B33F700BCCFB1 /* Debug */ = {
			isa = XCBuildConfiguration;
			buildSettings = {
				GCC_PRECOMPILE_PREFIX_HEADER = YES;
				GCC_PREFIX_HEADER = "DailyMotto/DailyMotto-Prefix.pch";
				INFOPLIST_FILE = "DailyMotto/DailyMotto-Info.plist";
				PRODUCT_NAME = "$(TARGET_NAME)";
				WRAPPER_EXTENSION = app;
			};
			name = Debug;
		};
		760D8DA4158B33F700BCCFB1 /* Release */ = {
			isa = XCBuildConfiguration;
			buildSettings = {
				GCC_PRECOMPILE_PREFIX_HEADER = YES;
				GCC_PREFIX_HEADER = "DailyMotto/DailyMotto-Prefix.pch";
				INFOPLIST_FILE = "DailyMotto/DailyMotto-Info.plist";
				PRODUCT_NAME = "$(TARGET_NAME)";
				WRAPPER_EXTENSION = app;
			};
			name = Release;
		};
/* End XCBuildConfiguration section */

/* Begin XCConfigurationList section */
		760D8D84158B33F700BCCFB1 /* Build configuration list for PBXProject "DailyMotto" */ = {
			isa = XCConfigurationList;
			buildConfigurations = (
				760D8DA0158B33F700BCCFB1 /* Debug */,
				760D8DA1158B33F700BCCFB1 /* Release */,
			);
			defaultConfigurationIsVisible = 0;
			defaultConfigurationName = Release;
		};
		760D8DA2158B33F700BCCFB1 /* Build configuration list for PBXNativeTarget "DailyMotto" */ = {
			isa = XCConfigurationList;
			buildConfigurations = (
				760D8DA3158B33F700BCCFB1 /* Debug */,
				760D8DA4158B33F700BCCFB1 /* Release */,
			);
			defaultConfigurationIsVisible = 0;
		};
/* End XCConfigurationList section */
	};
	rootObject = 760D8D81158B33F700BCCFB1 /* Project object */;
}
